
Microsoft Visual Studio Solution File, Format Version 12.00
# Visual Studio Version 16
VisualStudioVersion = 16.0.31025.194
MinimumVisualStudioVersion = 10.0.40219.1
Project("{FAE04EC0-301F-11D3-BF4B-00C04F79EFBC}") = "DesktopAppp", "DesktopAppp\DesktopAppp.csproj", "{13EB28AB-E82C-47C3-8B16-599EE6B5738B}"
EndProject
Global
	GlobalSection(SolutionConfigurationPlatforms) = preSolution
		Debug|Any CPU = Debug|Any CPU
		Release|Any CPU = Release|Any CPU
	EndGlobalSection
	GlobalSection(ProjectConfigurationPlatforms) = postSolution
		{13EB28AB-E82C-47C3-8B16-599EE6B5738B}.Debug|Any CPU.ActiveCfg = Debug|Any CPU
		{13EB28AB-E82C-47C3-8B16-599EE6B5738B}.Debug|Any CPU.Build.0 = Debug|Any CPU
		{13EB28AB-E82C-47C3-8B16-599EE6B5738B}.Release|Any CPU.ActiveCfg = Release|Any CPU
		{13EB28AB-E82C-47C3-8B16-599EE6B5738B}.Release|Any CPU.Build.0 = Release|Any CPU
	EndGlobalSection
	GlobalSection(SolutionProperties) = preSolution
		HideSolutionNode = FALSE
	EndGlobalSection
	GlobalSection(ExtensibilityGlobals) = postSolution
		SolutionGuid = {7A3C1A76-6F2D-4E62-8BCF-808F7AA7372B}
	EndGlobalSection
EndGlobal
